// !$*UTF8*$!
{
	archiveVersion = 1;
	classes = {
	};
	objectVersion = 50;
	objects = {

/* Begin PBXBuildFile section */
		CD2B07AD2472E04E009F2E76 /* AppDelegate.m in Sources */ = {isa = PBXBuildFile; fileRef = CD2B07AC2472E04E009F2E76 /* AppDelegate.m */; };
		CD2B07B02472E04E009F2E76 /* SceneDelegate.m in Sources */ = {isa = PBXBuildFile; fileRef = CD2B07AF2472E04E009F2E76 /* SceneDelegate.m */; };
		CD2B07B62472E04E009F2E76 /* Main.storyboard in Resources */ = {isa = PBXBuildFile; fileRef = CD2B07B42472E04E009F2E76 /* Main.storyboard */; };
		CD2B07B82472E051009F2E76 /* Assets.xcassets in Resources */ = {isa = PBXBuildFile; fileRef = CD2B07B72472E051009F2E76 /* Assets.xcassets */; };
		CD2B07BB2472E051009F2E76 /* LaunchScreen.storyboard in Resources */ = {isa = PBXBuildFile; fileRef = CD2B07B92472E051009F2E76 /* LaunchScreen.storyboard */; };
		CD2B07BE2472E051009F2E76 /* main.m in Sources */ = {isa = PBXBuildFile; fileRef = CD2B07BD2472E051009F2E76 /* main.m */; };
		CD2B07DB2472EA96009F2E76 /* AUPViewController.m in Sources */ = {isa = PBXBuildFile; fileRef = CD2B07D82472EA96009F2E76 /* AUPViewController.m */; };
		CD2B07DC2472EA96009F2E76 /* Butterfly.wav in Resources */ = {isa = PBXBuildFile; fileRef = CD2B07DA2472EA96009F2E76 /* Butterfly.wav */; };
		CD2B07DF247371E0009F2E76 /* AudioUnitPlayer.mm in Sources */ = {isa = PBXBuildFile; fileRef = CD2B07DE247371E0009F2E76 /* AudioUnitPlayer.mm */; };
		CD2B07E22473732E009F2E76 /* AUPCore.cpp in Sources */ = {isa = PBXBuildFile; fileRef = CD2B07E02473732E009F2E76 /* AUPCore.cpp */; };
		CD2B07E72474D985009F2E76 /* AudioUnitException.cpp in Sources */ = {isa = PBXBuildFile; fileRef = CD2B07E52474D985009F2E76 /* AudioUnitException.cpp */; };
		CDBC45AF2474E3E10073D279 /* AudioToolbox.framework in Frameworks */ = {isa = PBXBuildFile; fileRef = CDBC45AE2474E3E10073D279 /* AudioToolbox.framework */; };
		CDBC45B72475882D0073D279 /* AGPCore.cpp in Sources */ = {isa = PBXBuildFile; fileRef = CDBC45B12475882D0073D279 /* AGPCore.cpp */; };
		CDBC45B82475882D0073D279 /* AGPViewController.m in Sources */ = {isa = PBXBuildFile; fileRef = CDBC45B22475882D0073D279 /* AGPViewController.m */; };
		CDBC45B92475882D0073D279 /* AudioGraphPlayer.mm in Sources */ = {isa = PBXBuildFile; fileRef = CDBC45B42475882D0073D279 /* AudioGraphPlayer.mm */; };
		CDBC45C12476E15C0073D279 /* AFPCore.cpp in Sources */ = {isa = PBXBuildFile; fileRef = CDBC45BD2476E15C0073D279 /* AFPCore.cpp */; };
		CDBC45C22476E15C0073D279 /* AudioFilePlayer.mm in Sources */ = {isa = PBXBuildFile; fileRef = CDBC45BE2476E15C0073D279 /* AudioFilePlayer.mm */; };
		CDBC45C62476E1ED0073D279 /* AFPViewController.m in Sources */ = {isa = PBXBuildFile; fileRef = CDBC45C52476E1ED0073D279 /* AFPViewController.m */; };
		CDBC45C82476E9460073D279 /* Fireworks.mp3 in Resources */ = {isa = PBXBuildFile; fileRef = CDBC45C72476E9460073D279 /* Fireworks.mp3 */; };
		CDBC45CC247B58FC0073D279 /* AMDViewController.m in Sources */ = {isa = PBXBuildFile; fileRef = CDBC45CB247B58FC0073D279 /* AMDViewController.m */; };
		CDBC45CF247B596C0073D279 /* AudioMusicDevice.mm in Sources */ = {isa = PBXBuildFile; fileRef = CDBC45CE247B596C0073D279 /* AudioMusicDevice.mm */; };
		CDBC45D5247B5A290073D279 /* AMDCore.cpp in Sources */ = {isa = PBXBuildFile; fileRef = CDBC45D3247B5A290073D279 /* AMDCore.cpp */; };
/* End PBXBuildFile section */

/* Begin PBXFileReference section */
		CD2B07A82472E04E009F2E76 /* AudioUnitSample.app */ = {isa = PBXFileReference; explicitFileType = wrapper.application; includeInIndex = 0; path = AudioUnitSample.app; sourceTree = BUILT_PRODUCTS_DIR; };
		CD2B07AB2472E04E009F2E76 /* AppDelegate.h */ = {isa = PBXFileReference; lastKnownFileType = sourcecode.c.h; path = AppDelegate.h; sourceTree = "<group>"; };
		CD2B07AC2472E04E009F2E76 /* AppDelegate.m */ = {isa = PBXFileReference; lastKnownFileType = sourcecode.c.objc; path = AppDelegate.m; sourceTree = "<group>"; };
		CD2B07AE2472E04E009F2E76 /* SceneDelegate.h */ = {isa = PBXFileReference; lastKnownFileType = sourcecode.c.h; path = SceneDelegate.h; sourceTree = "<group>"; };
		CD2B07AF2472E04E009F2E76 /* SceneDelegate.m */ = {isa = PBXFileReference; lastKnownFileType = sourcecode.c.objc; path = SceneDelegate.m; sourceTree = "<group>"; };
		CD2B07B52472E04E009F2E76 /* Base */ = {isa = PBXFileReference; lastKnownFileType = file.storyboard; name = Base; path = Base.lproj/Main.storyboard; sourceTree = "<group>"; };
		CD2B07B72472E051009F2E76 /* Assets.xcassets */ = {isa = PBXFileReference; lastKnownFileType = folder.assetcatalog; path = Assets.xcassets; sourceTree = "<group>"; };
		CD2B07BA2472E051009F2E76 /* Base */ = {isa = PBXFileReference; lastKnownFileType = file.storyboard; name = Base; path = Base.lproj/LaunchScreen.storyboard; sourceTree = "<group>"; };
		CD2B07BC2472E051009F2E76 /* Info.plist */ = {isa = PBXFileReference; lastKnownFileType = text.plist.xml; path = Info.plist; sourceTree = "<group>"; };
		CD2B07BD2472E051009F2E76 /* main.m */ = {isa = PBXFileReference; lastKnownFileType = sourcecode.c.objc; path = main.m; sourceTree = "<group>"; };
		CD2B07D72472EA96009F2E76 /* AUPViewController.h */ = {isa = PBXFileReference; fileEncoding = 4; lastKnownFileType = sourcecode.c.h; path = AUPViewController.h; sourceTree = "<group>"; };
		CD2B07D82472EA96009F2E76 /* AUPViewController.m */ = {isa = PBXFileReference; fileEncoding = 4; lastKnownFileType = sourcecode.c.objc; path = AUPViewController.m; sourceTree = "<group>"; };
		CD2B07DA2472EA96009F2E76 /* Butterfly.wav */ = {isa = PBXFileReference; lastKnownFileType = audio.wav; path = Butterfly.wav; sourceTree = "<group>"; };
		CD2B07DD247371E0009F2E76 /* AudioUnitPlayer.h */ = {isa = PBXFileReference; lastKnownFileType = sourcecode.c.h; path = AudioUnitPlayer.h; sourceTree = "<group>"; };
		CD2B07DE247371E0009F2E76 /* AudioUnitPlayer.mm */ = {isa = PBXFileReference; lastKnownFileType = sourcecode.cpp.objcpp; path = AudioUnitPlayer.mm; sourceTree = "<group>"; };
		CD2B07E02473732E009F2E76 /* AUPCore.cpp */ = {isa = PBXFileReference; lastKnownFileType = sourcecode.cpp.cpp; path = AUPCore.cpp; sourceTree = "<group>"; };
		CD2B07E12473732E009F2E76 /* AUPCore.hpp */ = {isa = PBXFileReference; lastKnownFileType = sourcecode.cpp.h; path = AUPCore.hpp; sourceTree = "<group>"; };
		CD2B07E52474D985009F2E76 /* AudioUnitException.cpp */ = {isa = PBXFileReference; lastKnownFileType = sourcecode.cpp.cpp; path = AudioUnitException.cpp; sourceTree = "<group>"; };
		CD2B07E62474D985009F2E76 /* AudioUnitException.hpp */ = {isa = PBXFileReference; lastKnownFileType = sourcecode.cpp.h; path = AudioUnitException.hpp; sourceTree = "<group>"; };
		CDBC45AE2474E3E10073D279 /* AudioToolbox.framework */ = {isa = PBXFileReference; lastKnownFileType = wrapper.framework; name = AudioToolbox.framework; path = System/Library/Frameworks/AudioToolbox.framework; sourceTree = SDKROOT; };
		CDBC45B12475882D0073D279 /* AGPCore.cpp */ = {isa = PBXFileReference; fileEncoding = 4; lastKnownFileType = sourcecode.cpp.cpp; path = AGPCore.cpp; sourceTree = "<group>"; };
		CDBC45B22475882D0073D279 /* AGPViewController.m */ = {isa = PBXFileReference; fileEncoding = 4; lastKnownFileType = sourcecode.c.objc; path = AGPViewController.m; sourceTree = "<group>"; };
		CDBC45B32475882D0073D279 /* AudioGraphPlayer.h */ = {isa = PBXFileReference; fileEncoding = 4; lastKnownFileType = sourcecode.c.h; path = AudioGraphPlayer.h; sourceTree = "<group>"; };
		CDBC45B42475882D0073D279 /* AudioGraphPlayer.mm */ = {isa = PBXFileReference; fileEncoding = 4; lastKnownFileType = sourcecode.cpp.objcpp; path = AudioGraphPlayer.mm; sourceTree = "<group>"; };
		CDBC45B52475882D0073D279 /* AGPViewController.h */ = {isa = PBXFileReference; fileEncoding = 4; lastKnownFileType = sourcecode.c.h; path = AGPViewController.h; sourceTree = "<group>"; };
		CDBC45B62475882D0073D279 /* AGPCore.hpp */ = {isa = PBXFileReference; fileEncoding = 4; lastKnownFileType = sourcecode.cpp.h; path = AGPCore.hpp; sourceTree = "<group>"; };
		CDBC45BB2476E15C0073D279 /* AFPCore.hpp */ = {isa = PBXFileReference; fileEncoding = 4; lastKnownFileType = sourcecode.cpp.h; path = AFPCore.hpp; sourceTree = "<group>"; };
		CDBC45BC2476E15C0073D279 /* AudioFilePlayer.h */ = {isa = PBXFileReference; fileEncoding = 4; lastKnownFileType = sourcecode.c.h; path = AudioFilePlayer.h; sourceTree = "<group>"; };
		CDBC45BD2476E15C0073D279 /* AFPCore.cpp */ = {isa = PBXFileReference; fileEncoding = 4; lastKnownFileType = sourcecode.cpp.cpp; path = AFPCore.cpp; sourceTree = "<group>"; };
		CDBC45BE2476E15C0073D279 /* AudioFilePlayer.mm */ = {isa = PBXFileReference; fileEncoding = 4; lastKnownFileType = sourcecode.cpp.objcpp; path = AudioFilePlayer.mm; sourceTree = "<group>"; };
		CDBC45C42476E1ED0073D279 /* AFPViewController.h */ = {isa = PBXFileReference; lastKnownFileType = sourcecode.c.h; path = AFPViewController.h; sourceTree = "<group>"; };
		CDBC45C52476E1ED0073D279 /* AFPViewController.m */ = {isa = PBXFileReference; lastKnownFileType = sourcecode.c.objc; path = AFPViewController.m; sourceTree = "<group>"; };
		CDBC45C72476E9460073D279 /* Fireworks.mp3 */ = {isa = PBXFileReference; lastKnownFileType = audio.mp3; path = Fireworks.mp3; sourceTree = "<group>"; };
		CDBC45CA247B58FC0073D279 /* AMDViewController.h */ = {isa = PBXFileReference; lastKnownFileType = sourcecode.c.h; path = AMDViewController.h; sourceTree = "<group>"; };
		CDBC45CB247B58FC0073D279 /* AMDViewController.m */ = {isa = PBXFileReference; lastKnownFileType = sourcecode.c.objc; path = AMDViewController.m; sourceTree = "<group>"; };
		CDBC45CD247B596C0073D279 /* AudioMusicDevice.h */ = {isa = PBXFileReference; lastKnownFileType = sourcecode.c.h; path = AudioMusicDevice.h; sourceTree = "<group>"; };
		CDBC45CE247B596C0073D279 /* AudioMusicDevice.mm */ = {isa = PBXFileReference; lastKnownFileType = sourcecode.cpp.objcpp; path = AudioMusicDevice.mm; sourceTree = "<group>"; };
		CDBC45D3247B5A290073D279 /* AMDCore.cpp */ = {isa = PBXFileReference; lastKnownFileType = sourcecode.cpp.cpp; path = AMDCore.cpp; sourceTree = "<group>"; };
		CDBC45D4247B5A290073D279 /* AMDCore.hpp */ = {isa = PBXFileReference; lastKnownFileType = sourcecode.cpp.h; path = AMDCore.hpp; sourceTree = "<group>"; };
/* End PBXFileReference section */

/* Begin PBXFrameworksBuildPhase section */
		CD2B07A52472E04E009F2E76 /* Frameworks */ = {
			isa = PBXFrameworksBuildPhase;
			buildActionMask = 2147483647;
			files = (
				CDBC45AF2474E3E10073D279 /* AudioToolbox.framework in Frameworks */,
			);
			runOnlyForDeploymentPostprocessing = 0;
		};
/* End PBXFrameworksBuildPhase section */

/* Begin PBXGroup section */
		CD2B079F2472E04E009F2E76 = {
			isa = PBXGroup;
			children = (
				CD2B07AA2472E04E009F2E76 /* AudioUnitSample */,
				CD2B07A92472E04E009F2E76 /* Products */,
				CDBC45AD2474E3E00073D279 /* Frameworks */,
			);
			sourceTree = "<group>";
		};
		CD2B07A92472E04E009F2E76 /* Products */ = {
			isa = PBXGroup;
			children = (
				CD2B07A82472E04E009F2E76 /* AudioUnitSample.app */,
			);
			name = Products;
			sourceTree = "<group>";
		};
		CD2B07AA2472E04E009F2E76 /* AudioUnitSample */ = {
			isa = PBXGroup;
			children = (
				CD2B07D92472EA96009F2E76 /* Music */,
				CD2B07D52472EA96009F2E76 /* PlayerAndRecorder */,
				CD2B07C42472E3D9009F2E76 /* resource */,
			);
			path = AudioUnitSample;
			sourceTree = "<group>";
		};
		CD2B07C42472E3D9009F2E76 /* resource */ = {
			isa = PBXGroup;
			children = (
				CD2B07AB2472E04E009F2E76 /* AppDelegate.h */,
				CD2B07AC2472E04E009F2E76 /* AppDelegate.m */,
				CD2B07AE2472E04E009F2E76 /* SceneDelegate.h */,
				CD2B07AF2472E04E009F2E76 /* SceneDelegate.m */,
				CD2B07B42472E04E009F2E76 /* Main.storyboard */,
				CD2B07B72472E051009F2E76 /* Assets.xcassets */,
				CD2B07B92472E051009F2E76 /* LaunchScreen.storyboard */,
				CD2B07BC2472E051009F2E76 /* Info.plist */,
				CD2B07BD2472E051009F2E76 /* main.m */,
			);
			name = resource;
			sourceTree = "<group>";
		};
		CD2B07D52472EA96009F2E76 /* PlayerAndRecorder */ = {
			isa = PBXGroup;
			children = (
				CDBC45C9247B57FF0073D279 /* AudioMidiDevice */,
				CDBC45BA2476E0820073D279 /* AudioFilePlayer */,
				CDBC45B02475882D0073D279 /* AudioGraphPlayer */,
				CD2B07D62472EA96009F2E76 /* AudioUnitPlayer */,
				CD2B07E32474D94F009F2E76 /* Shared */,
			);
			path = PlayerAndRecorder;
			sourceTree = "<group>";
		};
		CD2B07D62472EA96009F2E76 /* AudioUnitPlayer */ = {
			isa = PBXGroup;
			children = (
				CD2B07D72472EA96009F2E76 /* AUPViewController.h */,
				CD2B07D82472EA96009F2E76 /* AUPViewController.m */,
				CD2B07DD247371E0009F2E76 /* AudioUnitPlayer.h */,
				CD2B07DE247371E0009F2E76 /* AudioUnitPlayer.mm */,
				CD2B07E02473732E009F2E76 /* AUPCore.cpp */,
				CD2B07E12473732E009F2E76 /* AUPCore.hpp */,
			);
			path = AudioUnitPlayer;
			sourceTree = "<group>";
		};
		CD2B07D92472EA96009F2E76 /* Music */ = {
			isa = PBXGroup;
			children = (
				CD2B07DA2472EA96009F2E76 /* Butterfly.wav */,
				CDBC45C72476E9460073D279 /* Fireworks.mp3 */,
			);
			path = Music;
			sourceTree = "<group>";
		};
		CD2B07E32474D94F009F2E76 /* Shared */ = {
			isa = PBXGroup;
			children = (
				CD2B07E52474D985009F2E76 /* AudioUnitException.cpp */,
				CD2B07E62474D985009F2E76 /* AudioUnitException.hpp */,
			);
			path = Shared;
			sourceTree = "<group>";
		};
		CDBC45AD2474E3E00073D279 /* Frameworks */ = {
			isa = PBXGroup;
			children = (
				CDBC45AE2474E3E10073D279 /* AudioToolbox.framework */,
			);
			name = Frameworks;
			sourceTree = "<group>";
		};
		CDBC45B02475882D0073D279 /* AudioGraphPlayer */ = {
			isa = PBXGroup;
			children = (
				CDBC45B62475882D0073D279 /* AGPCore.hpp */,
				CDBC45B12475882D0073D279 /* AGPCore.cpp */,
				CDBC45B52475882D0073D279 /* AGPViewController.h */,
				CDBC45B22475882D0073D279 /* AGPViewController.m */,
				CDBC45B32475882D0073D279 /* AudioGraphPlayer.h */,
				CDBC45B42475882D0073D279 /* AudioGraphPlayer.mm */,
			);
			path = AudioGraphPlayer;
			sourceTree = "<group>";
		};
		CDBC45BA2476E0820073D279 /* AudioFilePlayer */ = {
			isa = PBXGroup;
			children = (
				CDBC45BD2476E15C0073D279 /* AFPCore.cpp */,
				CDBC45BB2476E15C0073D279 /* AFPCore.hpp */,
				CDBC45BC2476E15C0073D279 /* AudioFilePlayer.h */,
				CDBC45BE2476E15C0073D279 /* AudioFilePlayer.mm */,
				CDBC45C42476E1ED0073D279 /* AFPViewController.h */,
				CDBC45C52476E1ED0073D279 /* AFPViewController.m */,
			);
			path = AudioFilePlayer;
			sourceTree = "<group>";
		};
		CDBC45C9247B57FF0073D279 /* AudioMidiDevice */ = {
			isa = PBXGroup;
			children = (
				CDBC45CA247B58FC0073D279 /* AMDViewController.h */,
				CDBC45CB247B58FC0073D279 /* AMDViewController.m */,
				CDBC45CD247B596C0073D279 /* AudioMusicDevice.h */,
				CDBC45CE247B596C0073D279 /* AudioMusicDevice.mm */,
				CDBC45D3247B5A290073D279 /* AMDCore.cpp */,
				CDBC45D4247B5A290073D279 /* AMDCore.hpp */,
			);
			path = AudioMidiDevice;
			sourceTree = "<group>";
		};
/* End PBXGroup section */

/* Begin PBXNativeTarget section */
		CD2B07A72472E04E009F2E76 /* AudioUnitSample */ = {
			isa = PBXNativeTarget;
			buildConfigurationList = CD2B07C12472E051009F2E76 /* Build configuration list for PBXNativeTarget "AudioUnitSample" */;
			buildPhases = (
				CD2B07A42472E04E009F2E76 /* Sources */,
				CD2B07A52472E04E009F2E76 /* Frameworks */,
				CD2B07A62472E04E009F2E76 /* Resources */,
			);
			buildRules = (
			);
			dependencies = (
			);
			name = AudioUnitSample;
			productName = AudioUnitSample;
			productReference = CD2B07A82472E04E009F2E76 /* AudioUnitSample.app */;
			productType = "com.apple.product-type.application";
		};
/* End PBXNativeTarget section */

/* Begin PBXProject section */
		CD2B07A02472E04E009F2E76 /* Project object */ = {
			isa = PBXProject;
			attributes = {
				LastUpgradeCheck = 1140;
				ORGANIZATIONNAME = "lagopus Alopex";
				TargetAttributes = {
					CD2B07A72472E04E009F2E76 = {
						CreatedOnToolsVersion = 11.4.1;
					};
				};
			};
			buildConfigurationList = CD2B07A32472E04E009F2E76 /* Build configuration list for PBXProject "AudioUnitSample" */;
			compatibilityVersion = "Xcode 9.3";
			developmentRegion = en;
			hasScannedForEncodings = 0;
			knownRegions = (
				en,
				Base,
			);
			mainGroup = CD2B079F2472E04E009F2E76;
			productRefGroup = CD2B07A92472E04E009F2E76 /* Products */;
			projectDirPath = "";
			projectRoot = "";
			targets = (
				CD2B07A72472E04E009F2E76 /* AudioUnitSample */,
			);
		};
/* End PBXProject section */

/* Begin PBXResourcesBuildPhase section */
		CD2B07A62472E04E009F2E76 /* Resources */ = {
			isa = PBXResourcesBuildPhase;
			buildActionMask = 2147483647;
			files = (
				CDBC45C82476E9460073D279 /* Fireworks.mp3 in Resources */,
				CD2B07BB2472E051009F2E76 /* LaunchScreen.storyboard in Resources */,
				CD2B07B82472E051009F2E76 /* Assets.xcassets in Resources */,
				CD2B07DC2472EA96009F2E76 /* Butterfly.wav in Resources */,
				CD2B07B62472E04E009F2E76 /* Main.storyboard in Resources */,
			);
			runOnlyForDeploymentPostprocessing = 0;
		};
/* End PBXResourcesBuildPhase section */

/* Begin PBXSourcesBuildPhase section */
		CD2B07A42472E04E009F2E76 /* Sources */ = {
			isa = PBXSourcesBuildPhase;
			buildActionMask = 2147483647;
			files = (
				CDBC45C12476E15C0073D279 /* AFPCore.cpp in Sources */,
				CD2B07AD2472E04E009F2E76 /* AppDelegate.m in Sources */,
				CD2B07E72474D985009F2E76 /* AudioUnitException.cpp in Sources */,
				CD2B07E22473732E009F2E76 /* AUPCore.cpp in Sources */,
				CDBC45C62476E1ED0073D279 /* AFPViewController.m in Sources */,
				CDBC45CC247B58FC0073D279 /* AMDViewController.m in Sources */,
				CD2B07DF247371E0009F2E76 /* AudioUnitPlayer.mm in Sources */,
				CDBC45D5247B5A290073D279 /* AMDCore.cpp in Sources */,
				CDBC45CF247B596C0073D279 /* AudioMusicDevice.mm in Sources */,
				CDBC45C22476E15C0073D279 /* AudioFilePlayer.mm in Sources */,
				CDBC45B92475882D0073D279 /* AudioGraphPlayer.mm in Sources */,
				CD2B07BE2472E051009F2E76 /* main.m in Sources */,
				CDBC45B72475882D0073D279 /* AGPCore.cpp in Sources */,
				CD2B07B02472E04E009F2E76 /* SceneDelegate.m in Sources */,
				CD2B07DB2472EA96009F2E76 /* AUPViewController.m in Sources */,
				CDBC45B82475882D0073D279 /* AGPViewController.m in Sources */,
			);
			runOnlyForDeploymentPostprocessing = 0;
		};
/* End PBXSourcesBuildPhase section */

/* Begin PBXVariantGroup section */
		CD2B07B42472E04E009F2E76 /* Main.storyboard */ = {
			isa = PBXVariantGroup;
			children = (
				CD2B07B52472E04E009F2E76 /* Base */,
			);
			name = Main.storyboard;
			sourceTree = "<group>";
		};
		CD2B07B92472E051009F2E76 /* LaunchScreen.storyboard */ = {
			isa = PBXVariantGroup;
			children = (
				CD2B07BA2472E051009F2E76 /* Base */,
			);
			name = LaunchScreen.storyboard;
			sourceTree = "<group>";
		};
/* End PBXVariantGroup section */

/* Begin XCBuildConfiguration section */
		CD2B07BF2472E051009F2E76 /* Debug */ = {
			isa = XCBuildConfiguration;
			buildSettings = {
				ALWAYS_SEARCH_USER_PATHS = NO;
				CLANG_ANALYZER_NONNULL = YES;
				CLANG_ANALYZER_NUMBER_OBJECT_CONVERSION = YES_AGGRESSIVE;
				CLANG_CXX_LANGUAGE_STANDARD = "gnu++14";
				CLANG_CXX_LIBRARY = "libc++";
				CLANG_ENABLE_MODULES = YES;
				CLANG_ENABLE_OBJC_ARC = YES;
				CLANG_ENABLE_OBJC_WEAK = YES;
				CLANG_WARN_BLOCK_CAPTURE_AUTORELEASING = YES;
				CLANG_WARN_BOOL_CONVERSION = YES;
				CLANG_WARN_COMMA = YES;
				CLANG_WARN_CONSTANT_CONVERSION = YES;
				CLANG_WARN_DEPRECATED_OBJC_IMPLEMENTATIONS = YES;
				CLANG_WARN_DIRECT_OBJC_ISA_USAGE = YES_ERROR;
				CLANG_WARN_DOCUMENTATION_COMMENTS = YES;
				CLANG_WARN_EMPTY_BODY = YES;
				CLANG_WARN_ENUM_CONVERSION = YES;
				CLANG_WARN_INFINITE_RECURSION = YES;
				CLANG_WARN_INT_CONVERSION = YES;
				CLANG_WARN_NON_LITERAL_NULL_CONVERSION = YES;
				CLANG_WARN_OBJC_IMPLICIT_RETAIN_SELF = YES;
				CLANG_WARN_OBJC_LITERAL_CONVERSION = YES;
				CLANG_WARN_OBJC_ROOT_CLASS = YES_ERROR;
				CLANG_WARN_RANGE_LOOP_ANALYSIS = YES;
				CLANG_WARN_STRICT_PROTOTYPES = YES;
				CLANG_WARN_SUSPICIOUS_MOVE = YES;
				CLANG_WARN_UNGUARDED_AVAILABILITY = YES_AGGRESSIVE;
				CLANG_WARN_UNREACHABLE_CODE = YES;
				CLANG_WARN__DUPLICATE_METHOD_MATCH = YES;
				COPY_PHASE_STRIP = NO;
				DEBUG_INFORMATION_FORMAT = dwarf;
				ENABLE_STRICT_OBJC_MSGSEND = YES;
				ENABLE_TESTABILITY = YES;
				GCC_C_LANGUAGE_STANDARD = gnu11;
				GCC_DYNAMIC_NO_PIC = NO;
				GCC_NO_COMMON_BLOCKS = YES;
				GCC_OPTIMIZATION_LEVEL = 0;
				GCC_PREPROCESSOR_DEFINITIONS = (
					"DEBUG=1",
					"$(inherited)",
				);
				GCC_WARN_64_TO_32_BIT_CONVERSION = YES;
				GCC_WARN_ABOUT_RETURN_TYPE = YES_ERROR;
				GCC_WARN_UNDECLARED_SELECTOR = YES;
				GCC_WARN_UNINITIALIZED_AUTOS = YES_AGGRESSIVE;
				GCC_WARN_UNUSED_FUNCTION = YES;
				GCC_WARN_UNUSED_VARIABLE = YES;
				IPHONEOS_DEPLOYMENT_TARGET = 13.4;
				MTL_ENABLE_DEBUG_INFO = INCLUDE_SOURCE;
				MTL_FAST_MATH = YES;
				ONLY_ACTIVE_ARCH = YES;
				SDKROOT = iphoneos;
			};
			name = Debug;
		};
		CD2B07C02472E051009F2E76 /* Release */ = {
			isa = XCBuildConfiguration;
			buildSettings = {
				ALWAYS_SEARCH_USER_PATHS = NO;
				CLANG_ANALYZER_NONNULL = YES;
				CLANG_ANALYZER_NUMBER_OBJECT_CONVERSION = YES_AGGRESSIVE;
				CLANG_CXX_LANGUAGE_STANDARD = "gnu++14";
				CLANG_CXX_LIBRARY = "libc++";
				CLANG_ENABLE_MODULES = YES;
				CLANG_ENABLE_OBJC_ARC = YES;
				CLANG_ENABLE_OBJC_WEAK = YES;
				CLANG_WARN_BLOCK_CAPTURE_AUTORELEASING = YES;
				CLANG_WARN_BOOL_CONVERSION = YES;
				CLANG_WARN_COMMA = YES;
				CLANG_WARN_CONSTANT_CONVERSION = YES;
				CLANG_WARN_DEPRECATED_OBJC_IMPLEMENTATIONS = YES;
				CLANG_WARN_DIRECT_OBJC_ISA_USAGE = YES_ERROR;
				CLANG_WARN_DOCUMENTATION_COMMENTS = YES;
				CLANG_WARN_EMPTY_BODY = YES;
				CLANG_WARN_ENUM_CONVERSION = YES;
				CLANG_WARN_INFINITE_RECURSION = YES;
				CLANG_WARN_INT_CONVERSION = YES;
				CLANG_WARN_NON_LITERAL_NULL_CONVERSION = YES;
				CLANG_WARN_OBJC_IMPLICIT_RETAIN_SELF = YES;
				CLANG_WARN_OBJC_LITERAL_CONVERSION = YES;
				CLANG_WARN_OBJC_ROOT_CLASS = YES_ERROR;
				CLANG_WARN_RANGE_LOOP_ANALYSIS = YES;
				CLANG_WARN_STRICT_PROTOTYPES = YES;
				CLANG_WARN_SUSPICIOUS_MOVE = YES;
				CLANG_WARN_UNGUARDED_AVAILABILITY = YES_AGGRESSIVE;
				CLANG_WARN_UNREACHABLE_CODE = YES;
				CLANG_WARN__DUPLICATE_METHOD_MATCH = YES;
				COPY_PHASE_STRIP = NO;
				DEBUG_INFORMATION_FORMAT = "dwarf-with-dsym";
				ENABLE_NS_ASSERTIONS = NO;
				ENABLE_STRICT_OBJC_MSGSEND = YES;
				GCC_C_LANGUAGE_STANDARD = gnu11;
				GCC_NO_COMMON_BLOCKS = YES;
				GCC_WARN_64_TO_32_BIT_CONVERSION = YES;
				GCC_WARN_ABOUT_RETURN_TYPE = YES_ERROR;
				GCC_WARN_UNDECLARED_SELECTOR = YES;
				GCC_WARN_UNINITIALIZED_AUTOS = YES_AGGRESSIVE;
				GCC_WARN_UNUSED_FUNCTION = YES;
				GCC_WARN_UNUSED_VARIABLE = YES;
				IPHONEOS_DEPLOYMENT_TARGET = 13.4;
				MTL_ENABLE_DEBUG_INFO = NO;
				MTL_FAST_MATH = YES;
				SDKROOT = iphoneos;
				VALIDATE_PRODUCT = YES;
			};
			name = Release;
		};
		CD2B07C22472E051009F2E76 /* Debug */ = {
			isa = XCBuildConfiguration;
			buildSettings = {
				ASSETCATALOG_COMPILER_APPICON_NAME = AppIcon;
				CODE_SIGN_STYLE = Automatic;
				DEVELOPMENT_TEAM = Y8MF3HS76W;
				INFOPLIST_FILE = AudioUnitSample/Info.plist;
				LD_RUNPATH_SEARCH_PATHS = (
					"$(inherited)",
					"@executable_path/Frameworks",
				);
				PRODUCT_BUNDLE_IDENTIFIER = com.vulpes.AudioUnitSample;
				PRODUCT_NAME = "$(TARGET_NAME)";
				TARGETED_DEVICE_FAMILY = "1,2";
			};
			name = Debug;
		};
		CD2B07C32472E051009F2E76 /* Release */ = {
			isa = XCBuildConfiguration;
			buildSettings = {
				ASSETCATALOG_COMPILER_APPICON_NAME = AppIcon;
				CODE_SIGN_STYLE = Automatic;
				DEVELOPMENT_TEAM = Y8MF3HS76W;
				INFOPLIST_FILE = AudioUnitSample/Info.plist;
				LD_RUNPATH_SEARCH_PATHS = (
					"$(inherited)",
					"@executable_path/Frameworks",
				);
				PRODUCT_BUNDLE_IDENTIFIER = com.vulpes.AudioUnitSample;
				PRODUCT_NAME = "$(TARGET_NAME)";
				TARGETED_DEVICE_FAMILY = "1,2";
			};
			name = Release;
		};
/* End XCBuildConfiguration section */

/* Begin XCConfigurationList section */
		CD2B07A32472E04E009F2E76 /* Build configuration list for PBXProject "AudioUnitSample" */ = {
			isa = XCConfigurationList;
			buildConfigurations = (
				CD2B07BF2472E051009F2E76 /* Debug */,
				CD2B07C02472E051009F2E76 /* Release */,
			);
			defaultConfigurationIsVisible = 0;
			defaultConfigurationName = Release;
		};
		CD2B07C12472E051009F2E76 /* Build configuration list for PBXNativeTarget "AudioUnitSample" */ = {
			isa = XCConfigurationList;
			buildConfigurations = (
				CD2B07C22472E051009F2E76 /* Debug */,
				CD2B07C32472E051009F2E76 /* Release */,
			);
			defaultConfigurationIsVisible = 0;
			defaultConfigurationName = Release;
		};
/* End XCConfigurationList section */
	};
	rootObject = CD2B07A02472E04E009F2E76 /* Project object */;
}
